
Microsoft Visual Studio Solution File, Format Version 12.00
# Visual Studio Version 17
VisualStudioVersion = 17.11.35312.102
MinimumVisualStudioVersion = 10.0.40219.1
Project("{8BC9CEB8-8B4A-11D0-8D11-00A0C91BC942}") = "Encapsulation", "Encapsulation\Encapsulation.vcxproj", "{B0CDBF8C-310D-41F3-99CE-7D5102B7A355}"
EndProject
Global
	GlobalSection(SolutionConfigurationPlatforms) = preSolution
		Debug|x64 = Debug|x64
		Debug|x86 = Debug|x86
		Release|x64 = Release|x64
		Release|x86 = Release|x86
	EndGlobalSection
	GlobalSection(ProjectConfigurationPlatforms) = postSolution
		{B0CDBF8C-310D-41F3-99CE-7D5102B7A355}.Debug|x64.ActiveCfg = Debug|x64
		{B0CDBF8C-310D-41F3-99CE-7D5102B7A355}.Debug|x64.Build.0 = Debug|x64
		{B0CDBF8C-310D-41F3-99CE-7D5102B7A355}.Debug|x86.ActiveCfg = Debug|Win32
		{B0CDBF8C-310D-41F3-99CE-7D5102B7A355}.Debug|x86.Build.0 = Debug|Win32
		{B0CDBF8C-310D-41F3-99CE-7D5102B7A355}.Release|x64.ActiveCfg = Release|x64
		{B0CDBF8C-310D-41F3-99CE-7D5102B7A355}.Release|x64.Build.0 = Release|x64
		{B0CDBF8C-310D-41F3-99CE-7D5102B7A355}.Release|x86.ActiveCfg = Release|Win32
		{B0CDBF8C-310D-41F3-99CE-7D5102B7A355}.Release|x86.Build.0 = Release|Win32
	EndGlobalSection
	GlobalSection(SolutionProperties) = preSolution
		HideSolutionNode = FALSE
	EndGlobalSection
	GlobalSection(ExtensibilityGlobals) = postSolution
		SolutionGuid = {4CD4C2A1-E361-4534-BC8F-25A056AD8E96}
	EndGlobalSection
EndGlobal
